// !$*UTF8*$!
{
	archiveVersion = 1;
	classes = {
	};
	objectVersion = 46;
	objects = {

/* Begin PBXBuildFile section */
		140039AB1E2243B7009DBF42 /* AppDelegate.swift in Sources */ = {isa = PBXBuildFile; fileRef = 140039AA1E2243B7009DBF42 /* AppDelegate.swift */; };
		140039AD1E2243B7009DBF42 /* ViewController.swift in Sources */ = {isa = PBXBuildFile; fileRef = 140039AC1E2243B7009DBF42 /* ViewController.swift */; };
		140039B01E2243B7009DBF42 /* Main.storyboard in Resources */ = {isa = PBXBuildFile; fileRef = 140039AE1E2243B7009DBF42 /* Main.storyboard */; };
		140039B21E2243B7009DBF42 /* Assets.xcassets in Resources */ = {isa = PBXBuildFile; fileRef = 140039B11E2243B7009DBF42 /* Assets.xcassets */; };
		140039B51E2243B7009DBF42 /* LaunchScreen.storyboard in Resources */ = {isa = PBXBuildFile; fileRef = 140039B31E2243B7009DBF42 /* LaunchScreen.storyboard */; };
		140039C01E2243B7009DBF42 /* testTableViewTests.swift in Sources */ = {isa = PBXBuildFile; fileRef = 140039BF1E2243B7009DBF42 /* testTableViewTests.swift */; };
		140039CB1E2243B7009DBF42 /* testTableViewUITests.swift in Sources */ = {isa = PBXBuildFile; fileRef = 140039CA1E2243B7009DBF42 /* testTableViewUITests.swift */; };
/* End PBXBuildFile section */

/* Begin PBXContainerItemProxy section */
		140039BC1E2243B7009DBF42 /* PBXContainerItemProxy */ = {
			isa = PBXContainerItemProxy;
			containerPortal = 1400399F1E2243B7009DBF42 /* Project object */;
			proxyType = 1;
			remoteGlobalIDString = 140039A61E2243B7009DBF42;
			remoteInfo = testTableView;
		};
		140039C71E2243B7009DBF42 /* PBXContainerItemProxy */ = {
			isa = PBXContainerItemProxy;
			containerPortal = 1400399F1E2243B7009DBF42 /* Project object */;
			proxyType = 1;
			remoteGlobalIDString = 140039A61E2243B7009DBF42;
			remoteInfo = testTableView;
		};
/* End PBXContainerItemProxy section */

/* Begin PBXFileReference section */
		140039A71E2243B7009DBF42 /* testTableView.app */ = {isa = PBXFileReference; explicitFileType = wrapper.application; includeInIndex = 0; path = testTableView.app; sourceTree = BUILT_PRODUCTS_DIR; };
		140039AA1E2243B7009DBF42 /* AppDelegate.swift */ = {isa = PBXFileReference; lastKnownFileType = sourcecode.swift; path = AppDelegate.swift; sourceTree = "<group>"; };
		140039AC1E2243B7009DBF42 /* ViewController.swift */ = {isa = PBXFileReference; lastKnownFileType = sourcecode.swift; path = ViewController.swift; sourceTree = "<group>"; };
		140039AF1E2243B7009DBF42 /* Base */ = {isa = PBXFileReference; lastKnownFileType = file.storyboard; name = Base; path = Base.lproj/Main.storyboard; sourceTree = "<group>"; };
		140039B11E2243B7009DBF42 /* Assets.xcassets */ = {isa = PBXFileReference; lastKnownFileType = folder.assetcatalog; path = Assets.xcassets; sourceTree = "<group>"; };
		140039B41E2243B7009DBF42 /* Base */ = {isa = PBXFileReference; lastKnownFileType = file.storyboard; name = Base; path = Base.lproj/LaunchScreen.storyboard; sourceTree = "<group>"; };
		140039B61E2243B7009DBF42 /* Info.plist */ = {isa = PBXFileReference; lastKnownFileType = text.plist.xml; path = Info.plist; sourceTree = "<group>"; };
		140039BB1E2243B7009DBF42 /* testTableViewTests.xctest */ = {isa = PBXFileReference; explicitFileType = wrapper.cfbundle; includeInIndex = 0; path = testTableViewTests.xctest; sourceTree = BUILT_PRODUCTS_DIR; };
		140039BF1E2243B7009DBF42 /* testTableViewTests.swift */ = {isa = PBXFileReference; lastKnownFileType = sourcecode.swift; path = testTableViewTests.swift; sourceTree = "<group>"; };
		140039C11E2243B7009DBF42 /* Info.plist */ = {isa = PBXFileReference; lastKnownFileType = text.plist.xml; path = Info.plist; sourceTree = "<group>"; };
		140039C61E2243B7009DBF42 /* testTableViewUITests.xctest */ = {isa = PBXFileReference; explicitFileType = wrapper.cfbundle; includeInIndex = 0; path = testTableViewUITests.xctest; sourceTree = BUILT_PRODUCTS_DIR; };
		140039CA1E2243B7009DBF42 /* testTableViewUITests.swift */ = {isa = PBXFileReference; lastKnownFileType = sourcecode.swift; path = testTableViewUITests.swift; sourceTree = "<group>"; };
		140039CC1E2243B7009DBF42 /* Info.plist */ = {isa = PBXFileReference; lastKnownFileType = text.plist.xml; path = Info.plist; sourceTree = "<group>"; };
/* End PBXFileReference section */

/* Begin PBXFrameworksBuildPhase section */
		140039A41E2243B7009DBF42 /* Frameworks */ = {
			isa = PBXFrameworksBuildPhase;
			buildActionMask = 2147483647;
			files = (
			);
			runOnlyForDeploymentPostprocessing = 0;
		};
		140039B81E2243B7009DBF42 /* Frameworks */ = {
			isa = PBXFrameworksBuildPhase;
			buildActionMask = 2147483647;
			files = (
			);
			runOnlyForDeploymentPostprocessing = 0;
		};
		140039C31E2243B7009DBF42 /* Frameworks */ = {
			isa = PBXFrameworksBuildPhase;
			buildActionMask = 2147483647;
			files = (
			);
			runOnlyForDeploymentPostprocessing = 0;
		};
/* End PBXFrameworksBuildPhase section */

/* Begin PBXGroup section */
		1400399E1E2243B7009DBF42 = {
			isa = PBXGroup;
			children = (
				140039A91E2243B7009DBF42 /* testTableView */,
				140039BE1E2243B7009DBF42 /* testTableViewTests */,
				140039C91E2243B7009DBF42 /* testTableViewUITests */,
				140039A81E2243B7009DBF42 /* Products */,
			);
			sourceTree = "<group>";
		};
		140039A81E2243B7009DBF42 /* Products */ = {
			isa = PBXGroup;
			children = (
				140039A71E2243B7009DBF42 /* testTableView.app */,
				140039BB1E2243B7009DBF42 /* testTableViewTests.xctest */,
				140039C61E2243B7009DBF42 /* testTableViewUITests.xctest */,
			);
			name = Products;
			sourceTree = "<group>";
		};
		140039A91E2243B7009DBF42 /* testTableView */ = {
			isa = PBXGroup;
			children = (
				140039AA1E2243B7009DBF42 /* AppDelegate.swift */,
				140039AC1E2243B7009DBF42 /* ViewController.swift */,
				140039AE1E2243B7009DBF42 /* Main.storyboard */,
				140039B11E2243B7009DBF42 /* Assets.xcassets */,
				140039B31E2243B7009DBF42 /* LaunchScreen.storyboard */,
				140039B61E2243B7009DBF42 /* Info.plist */,
			);
			path = testTableView;
			sourceTree = "<group>";
		};
		140039BE1E2243B7009DBF42 /* testTableViewTests */ = {
			isa = PBXGroup;
			children = (
				140039BF1E2243B7009DBF42 /* testTableViewTests.swift */,
				140039C11E2243B7009DBF42 /* Info.plist */,
			);
			path = testTableViewTests;
			sourceTree = "<group>";
		};
		140039C91E2243B7009DBF42 /* testTableViewUITests */ = {
			isa = PBXGroup;
			children = (
				140039CA1E2243B7009DBF42 /* testTableViewUITests.swift */,
				140039CC1E2243B7009DBF42 /* Info.plist */,
			);
			path = testTableViewUITests;
			sourceTree = "<group>";
		};
/* End PBXGroup section */

/* Begin PBXNativeTarget section */
		140039A61E2243B7009DBF42 /* testTableView */ = {
			isa = PBXNativeTarget;
			buildConfigurationList = 140039CF1E2243B7009DBF42 /* Build configuration list for PBXNativeTarget "testTableView" */;
			buildPhases = (
				140039A31E2243B7009DBF42 /* Sources */,
				140039A41E2243B7009DBF42 /* Frameworks */,
				140039A51E2243B7009DBF42 /* Resources */,
			);
			buildRules = (
			);
			dependencies = (
			);
			name = testTableView;
			productName = testTableView;
			productReference = 140039A71E2243B7009DBF42 /* testTableView.app */;
			productType = "com.apple.product-type.application";
		};
		140039BA1E2243B7009DBF42 /* testTableViewTests */ = {
			isa = PBXNativeTarget;
			buildConfigurationList = 140039D21E2243B7009DBF42 /* Build configuration list for PBXNativeTarget "testTableViewTests" */;
			buildPhases = (
				140039B71E2243B7009DBF42 /* Sources */,
				140039B81E2243B7009DBF42 /* Frameworks */,
				140039B91E2243B7009DBF42 /* Resources */,
			);
			buildRules = (
			);
			dependencies = (
				140039BD1E2243B7009DBF42 /* PBXTargetDependency */,
			);
			name = testTableViewTests;
			productName = testTableViewTests;
			productReference = 140039BB1E2243B7009DBF42 /* testTableViewTests.xctest */;
			productType = "com.apple.product-type.bundle.unit-test";
		};
		140039C51E2243B7009DBF42 /* testTableViewUITests */ = {
			isa = PBXNativeTarget;
			buildConfigurationList = 140039D51E2243B7009DBF42 /* Build configuration list for PBXNativeTarget "testTableViewUITests" */;
			buildPhases = (
				140039C21E2243B7009DBF42 /* Sources */,
				140039C31E2243B7009DBF42 /* Frameworks */,
				140039C41E2243B7009DBF42 /* Resources */,
			);
			buildRules = (
			);
			dependencies = (
				140039C81E2243B7009DBF42 /* PBXTargetDependency */,
			);
			name = testTableViewUITests;
			productName = testTableViewUITests;
			productReference = 140039C61E2243B7009DBF42 /* testTableViewUITests.xctest */;
			productType = "com.apple.product-type.bundle.ui-testing";
		};
/* End PBXNativeTarget section */

/* Begin PBXProject section */
		1400399F1E2243B7009DBF42 /* Project object */ = {
			isa = PBXProject;
			attributes = {
				LastSwiftUpdateCheck = 0820;
				LastUpgradeCheck = 0820;
				ORGANIZATIONNAME = "謝樹瑄";
				TargetAttributes = {
					140039A61E2243B7009DBF42 = {
						CreatedOnToolsVersion = 8.2.1;
						ProvisioningStyle = Automatic;
					};
					140039BA1E2243B7009DBF42 = {
						CreatedOnToolsVersion = 8.2.1;
						ProvisioningStyle = Automatic;
						TestTargetID = 140039A61E2243B7009DBF42;
					};
					140039C51E2243B7009DBF42 = {
						CreatedOnToolsVersion = 8.2.1;
						ProvisioningStyle = Automatic;
						TestTargetID = 140039A61E2243B7009DBF42;
					};
				};
			};
			buildConfigurationList = 140039A21E2243B7009DBF42 /* Build configuration list for PBXProject "testTableView" */;
			compatibilityVersion = "Xcode 3.2";
			developmentRegion = English;
			hasScannedForEncodings = 0;
			knownRegions = (
				en,
				Base,
			);
			mainGroup = 1400399E1E2243B7009DBF42;
			productRefGroup = 140039A81E2243B7009DBF42 /* Products */;
			projectDirPath = "";
			projectRoot = "";
			targets = (
				140039A61E2243B7009DBF42 /* testTableView */,
				140039BA1E2243B7009DBF42 /* testTableViewTests */,
				140039C51E2243B7009DBF42 /* testTableViewUITests */,
			);
		};
/* End PBXProject section */

/* Begin PBXResourcesBuildPhase section */
		140039A51E2243B7009DBF42 /* Resources */ = {
			isa = PBXResourcesBuildPhase;
			buildActionMask = 2147483647;
			files = (
				140039B51E2243B7009DBF42 /* LaunchScreen.storyboard in Resources */,
				140039B21E2243B7009DBF42 /* Assets.xcassets in Resources */,
				140039B01E2243B7009DBF42 /* Main.storyboard in Resources */,
			);
			runOnlyForDeploymentPostprocessing = 0;
		};
		140039B91E2243B7009DBF42 /* Resources */ = {
			isa = PBXResourcesBuildPhase;
			buildActionMask = 2147483647;
			files = (
			);
			runOnlyForDeploymentPostprocessing = 0;
		};
		140039C41E2243B7009DBF42 /* Resources */ = {
			isa = PBXResourcesBuildPhase;
			buildActionMask = 2147483647;
			files = (
			);
			runOnlyForDeploymentPostprocessing = 0;
		};
/* End PBXResourcesBuildPhase section */

/* Begin PBXSourcesBuildPhase section */
		140039A31E2243B7009DBF42 /* Sources */ = {
			isa = PBXSourcesBuildPhase;
			buildActionMask = 2147483647;
			files = (
				140039AD1E2243B7009DBF42 /* ViewController.swift in Sources */,
				140039AB1E2243B7009DBF42 /* AppDelegate.swift in Sources */,
			);
			runOnlyForDeploymentPostprocessing = 0;
		};
		140039B71E2243B7009DBF42 /* Sources */ = {
			isa = PBXSourcesBuildPhase;
			buildActionMask = 2147483647;
			files = (
				140039C01E2243B7009DBF42 /* testTableViewTests.swift in Sources */,
			);
			runOnlyForDeploymentPostprocessing = 0;
		};
		140039C21E2243B7009DBF42 /* Sources */ = {
			isa = PBXSourcesBuildPhase;
			buildActionMask = 2147483647;
			files = (
				140039CB1E2243B7009DBF42 /* testTableViewUITests.swift in Sources */,
			);
			runOnlyForDeploymentPostprocessing = 0;
		};
/* End PBXSourcesBuildPhase section */

/* Begin PBXTargetDependency section */
		140039BD1E2243B7009DBF42 /* PBXTargetDependency */ = {
			isa = PBXTargetDependency;
			target = 140039A61E2243B7009DBF42 /* testTableView */;
			targetProxy = 140039BC1E2243B7009DBF42 /* PBXContainerItemProxy */;
		};
		140039C81E2243B7009DBF42 /* PBXTargetDependency */ = {
			isa = PBXTargetDependency;
			target = 140039A61E2243B7009DBF42 /* testTableView */;
			targetProxy = 140039C71E2243B7009DBF42 /* PBXContainerItemProxy */;
		};
/* End PBXTargetDependency section */

/* Begin PBXVariantGroup section */
		140039AE1E2243B7009DBF42 /* Main.storyboard */ = {
			isa = PBXVariantGroup;
			children = (
				140039AF1E2243B7009DBF42 /* Base */,
			);
			name = Main.storyboard;
			sourceTree = "<group>";
		};
		140039B31E2243B7009DBF42 /* LaunchScreen.storyboard */ = {
			isa = PBXVariantGroup;
			children = (
				140039B41E2243B7009DBF42 /* Base */,
			);
			name = LaunchScreen.storyboard;
			sourceTree = "<group>";
		};
/* End PBXVariantGroup section */

/* Begin XCBuildConfiguration section */
		140039CD1E2243B7009DBF42 /* Debug */ = {
			isa = XCBuildConfiguration;
			buildSettings = {
				ALWAYS_SEARCH_USER_PATHS = NO;
				CLANG_ANALYZER_NONNULL = YES;
				CLANG_CXX_LANGUAGE_STANDARD = "gnu++0x";
				CLANG_CXX_LIBRARY = "libc++";
				CLANG_ENABLE_MODULES = YES;
				CLANG_ENABLE_OBJC_ARC = YES;
				CLANG_WARN_BOOL_CONVERSION = YES;
				CLANG_WARN_CONSTANT_CONVERSION = YES;
				CLANG_WARN_DIRECT_OBJC_ISA_USAGE = YES_ERROR;
				CLANG_WARN_DOCUMENTATION_COMMENTS = YES;
				CLANG_WARN_EMPTY_BODY = YES;
				CLANG_WARN_ENUM_CONVERSION = YES;
				CLANG_WARN_INFINITE_RECURSION = YES;
				CLANG_WARN_INT_CONVERSION = YES;
				CLANG_WARN_OBJC_ROOT_CLASS = YES_ERROR;
				CLANG_WARN_SUSPICIOUS_MOVE = YES;
				CLANG_WARN_UNREACHABLE_CODE = YES;
				CLANG_WARN__DUPLICATE_METHOD_MATCH = YES;
				"CODE_SIGN_IDENTITY[sdk=iphoneos*]" = "iPhone Developer";
				COPY_PHASE_STRIP = NO;
				DEBUG_INFORMATION_FORMAT = dwarf;
				ENABLE_STRICT_OBJC_MSGSEND = YES;
				ENABLE_TESTABILITY = YES;
				GCC_C_LANGUAGE_STANDARD = gnu99;
				GCC_DYNAMIC_NO_PIC = NO;
				GCC_NO_COMMON_BLOCKS = YES;
				GCC_OPTIMIZATION_LEVEL = 0;
				GCC_PREPROCESSOR_DEFINITIONS = (
					"DEBUG=1",
					"$(inherited)",
				);
				GCC_WARN_64_TO_32_BIT_CONVERSION = YES;
				GCC_WARN_ABOUT_RETURN_TYPE = YES_ERROR;
				GCC_WARN_UNDECLARED_SELECTOR = YES;
				GCC_WARN_UNINITIALIZED_AUTOS = YES_AGGRESSIVE;
				GCC_WARN_UNUSED_FUNCTION = YES;
				GCC_WARN_UNUSED_VARIABLE = YES;
				IPHONEOS_DEPLOYMENT_TARGET = 10.2;
				MTL_ENABLE_DEBUG_INFO = YES;
				ONLY_ACTIVE_ARCH = YES;
				SDKROOT = iphoneos;
				SWIFT_ACTIVE_COMPILATION_CONDITIONS = DEBUG;
				SWIFT_OPTIMIZATION_LEVEL = "-Onone";
				TARGETED_DEVICE_FAMILY = "1,2";
			};
			name = Debug;
		};
		140039CE1E2243B7009DBF42 /* Release */ = {
			isa = XCBuildConfiguration;
			buildSettings = {
				ALWAYS_SEARCH_USER_PATHS = NO;
				CLANG_ANALYZER_NONNULL = YES;
				CLANG_CXX_LANGUAGE_STANDARD = "gnu++0x";
				CLANG_CXX_LIBRARY = "libc++";
				CLANG_ENABLE_MODULES = YES;
				CLANG_ENABLE_OBJC_ARC = YES;
				CLANG_WARN_BOOL_CONVERSION = YES;
				CLANG_WARN_CONSTANT_CONVERSION = YES;
				CLANG_WARN_DIRECT_OBJC_ISA_USAGE = YES_ERROR;
				CLANG_WARN_DOCUMENTATION_COMMENTS = YES;
				CLANG_WARN_EMPTY_BODY = YES;
				CLANG_WARN_ENUM_CONVERSION = YES;
				CLANG_WARN_INFINITE_RECURSION = YES;
				CLANG_WARN_INT_CONVERSION = YES;
				CLANG_WARN_OBJC_ROOT_CLASS = YES_ERROR;
				CLANG_WARN_SUSPICIOUS_MOVE = YES;
				CLANG_WARN_UNREACHABLE_CODE = YES;
				CLANG_WARN__DUPLICATE_METHOD_MATCH = YES;
				"CODE_SIGN_IDENTITY[sdk=iphoneos*]" = "iPhone Developer";
				COPY_PHASE_STRIP = NO;
				DEBUG_INFORMATION_FORMAT = "dwarf-with-dsym";
				ENABLE_NS_ASSERTIONS = NO;
				ENABLE_STRICT_OBJC_MSGSEND = YES;
				GCC_C_LANGUAGE_STANDARD = gnu99;
				GCC_NO_COMMON_BLOCKS = YES;
				GCC_WARN_64_TO_32_BIT_CONVERSION = YES;
				GCC_WARN_ABOUT_RETURN_TYPE = YES_ERROR;
				GCC_WARN_UNDECLARED_SELECTOR = YES;
				GCC_WARN_UNINITIALIZED_AUTOS = YES_AGGRESSIVE;
				GCC_WARN_UNUSED_FUNCTION = YES;
				GCC_WARN_UNUSED_VARIABLE = YES;
				IPHONEOS_DEPLOYMENT_TARGET = 10.2;
				MTL_ENABLE_DEBUG_INFO = NO;
				SDKROOT = iphoneos;
				SWIFT_OPTIMIZATION_LEVEL = "-Owholemodule";
				TARGETED_DEVICE_FAMILY = "1,2";
				VALIDATE_PRODUCT = YES;
			};
			name = Release;
		};
		140039D01E2243B7009DBF42 /* Debug */ = {
			isa = XCBuildConfiguration;
			buildSettings = {
				ASSETCATALOG_COMPILER_APPICON_NAME = AppIcon;
				INFOPLIST_FILE = testTableView/Info.plist;
				LD_RUNPATH_SEARCH_PATHS = "$(inherited) @executable_path/Frameworks";
				PRODUCT_BUNDLE_IDENTIFIER = iii.testTableView;
				PRODUCT_NAME = "$(TARGET_NAME)";
				SWIFT_VERSION = 3.0;
			};
			name = Debug;
		};
		140039D11E2243B7009DBF42 /* Release */ = {
			isa = XCBuildConfiguration;
			buildSettings = {
				ASSETCATALOG_COMPILER_APPICON_NAME = AppIcon;
				INFOPLIST_FILE = testTableView/Info.plist;
				LD_RUNPATH_SEARCH_PATHS = "$(inherited) @executable_path/Frameworks";
				PRODUCT_BUNDLE_IDENTIFIER = iii.testTableView;
				PRODUCT_NAME = "$(TARGET_NAME)";
				SWIFT_VERSION = 3.0;
			};
			name = Release;
		};
		140039D31E2243B7009DBF42 /* Debug */ = {
			isa = XCBuildConfiguration;
			buildSettings = {
				ALWAYS_EMBED_SWIFT_STANDARD_LIBRARIES = YES;
				BUNDLE_LOADER = "$(TEST_HOST)";
				INFOPLIST_FILE = testTableViewTests/Info.plist;
				LD_RUNPATH_SEARCH_PATHS = "$(inherited) @executable_path/Frameworks @loader_path/Frameworks";
				PRODUCT_BUNDLE_IDENTIFIER = iii.testTableViewTests;
				PRODUCT_NAME = "$(TARGET_NAME)";
				SWIFT_VERSION = 3.0;
				TEST_HOST = "$(BUILT_PRODUCTS_DIR)/testTableView.app/testTableView";
			};
			name = Debug;
		};
		140039D41E2243B7009DBF42 /* Release */ = {
			isa = XCBuildConfiguration;
			buildSettings = {
				ALWAYS_EMBED_SWIFT_STANDARD_LIBRARIES = YES;
				BUNDLE_LOADER = "$(TEST_HOST)";
				INFOPLIST_FILE = testTableViewTests/Info.plist;
				LD_RUNPATH_SEARCH_PATHS = "$(inherited) @executable_path/Frameworks @loader_path/Frameworks";
				PRODUCT_BUNDLE_IDENTIFIER = iii.testTableViewTests;
				PRODUCT_NAME = "$(TARGET_NAME)";
				SWIFT_VERSION = 3.0;
				TEST_HOST = "$(BUILT_PRODUCTS_DIR)/testTableView.app/testTableView";
			};
			name = Release;
		};
		140039D61E2243B7009DBF42 /* Debug */ = {
			isa = XCBuildConfiguration;
			buildSettings = {
				ALWAYS_EMBED_SWIFT_STANDARD_LIBRARIES = YES;
				INFOPLIST_FILE = testTableViewUITests/Info.plist;
				LD_RUNPATH_SEARCH_PATHS = "$(inherited) @executable_path/Frameworks @loader_path/Frameworks";
				PRODUCT_BUNDLE_IDENTIFIER = iii.testTableViewUITests;
				PRODUCT_NAME = "$(TARGET_NAME)";
				SWIFT_VERSION = 3.0;
				TEST_TARGET_NAME = testTableView;
			};
			name = Debug;
		};
		140039D71E2243B7009DBF42 /* Release */ = {
			isa = XCBuildConfiguration;
			buildSettings = {
				ALWAYS_EMBED_SWIFT_STANDARD_LIBRARIES = YES;
				INFOPLIST_FILE = testTableViewUITests/Info.plist;
				LD_RUNPATH_SEARCH_PATHS = "$(inherited) @executable_path/Frameworks @loader_path/Frameworks";
				PRODUCT_BUNDLE_IDENTIFIER = iii.testTableViewUITests;
				PRODUCT_NAME = "$(TARGET_NAME)";
				SWIFT_VERSION = 3.0;
				TEST_TARGET_NAME = testTableView;
			};
			name = Release;
		};
/* End XCBuildConfiguration section */

/* Begin XCConfigurationList section */
		140039A21E2243B7009DBF42 /* Build configuration list for PBXProject "testTableView" */ = {
			isa = XCConfigurationList;
			buildConfigurations = (
				140039CD1E2243B7009DBF42 /* Debug */,
				140039CE1E2243B7009DBF42 /* Release */,
			);
			defaultConfigurationIsVisible = 0;
			defaultConfigurationName = Release;
		};
		140039CF1E2243B7009DBF42 /* Build configuration list for PBXNativeTarget "testTableView" */ = {
			isa = XCConfigurationList;
			buildConfigurations = (
				140039D01E2243B7009DBF42 /* Debug */,
				140039D11E2243B7009DBF42 /* Release */,
			);
			defaultConfigurationIsVisible = 0;
		};
		140039D21E2243B7009DBF42 /* Build configuration list for PBXNativeTarget "testTableViewTests" */ = {
			isa = XCConfigurationList;
			buildConfigurations = (
				140039D31E2243B7009DBF42 /* Debug */,
				140039D41E2243B7009DBF42 /* Release */,
			);
			defaultConfigurationIsVisible = 0;
		};
		140039D51E2243B7009DBF42 /* Build configuration list for PBXNativeTarget "testTableViewUITests" */ = {
			isa = XCConfigurationList;
			buildConfigurations = (
				140039D61E2243B7009DBF42 /* Debug */,
				140039D71E2243B7009DBF42 /* Release */,
			);
			defaultConfigurationIsVisible = 0;
		};
/* End XCConfigurationList section */
	};
	rootObject = 1400399F1E2243B7009DBF42 /* Project object */;
}
